
Microsoft Visual Studio Solution File, Format Version 12.00
# Visual Studio Version 17
VisualStudioVersion = 17.11.35303.130
MinimumVisualStudioVersion = 10.0.40219.1
Project("{2150E333-8FDC-42A3-9474-1A3956D46DE8}") = "Solution Items", "Solution Items", "{82860224-EDE7-494A-A5A6-98A121098DC7}"
EndProject
Project("{FAE04EC0-301F-11D3-BF4B-00C04F79EFBC}") = "BOE", "Scripts\BOE.csproj", "{5192983F-CD21-46BF-8363-A491DB30E93E}"
EndProject
Project("{9A19103F-16F7-4668-BE54-9A1E7A4F7556}") = "IES", "IES\IES.csproj", "{8C7B6FF3-2DF8-47E9-816D-B7A661AA8180}"
EndProject
Project("{FAE04EC0-301F-11D3-BF4B-00C04F79EFBC}") = "PTM", "PTM\PTM.csproj", "{CB9561C1-480F-459C-A8CE-539AA0B37370}"
EndProject
Global
	GlobalSection(SolutionConfigurationPlatforms) = preSolution
		Debug|Any CPU = Debug|Any CPU
		Dev|Any CPU = Dev|Any CPU
		DevProdClone|Any CPU = DevProdClone|Any CPU
		MTDevelopment|Any CPU = MTDevelopment|Any CPU
		Perf|Any CPU = Perf|Any CPU
		Prod|Any CPU = Prod|Any CPU
		ProdClone|Any CPU = ProdClone|Any CPU
		Release|Any CPU = Release|Any CPU
		Test|Any CPU = Test|Any CPU
		UAT|Any CPU = UAT|Any CPU
	EndGlobalSection
	GlobalSection(ProjectConfigurationPlatforms) = postSolution
		{5192983F-CD21-46BF-8363-A491DB30E93E}.Debug|Any CPU.ActiveCfg = Debug|Any CPU
		{5192983F-CD21-46BF-8363-A491DB30E93E}.Debug|Any CPU.Build.0 = Debug|Any CPU
		{5192983F-CD21-46BF-8363-A491DB30E93E}.Dev|Any CPU.ActiveCfg = Debug|Any CPU
		{5192983F-CD21-46BF-8363-A491DB30E93E}.Dev|Any CPU.Build.0 = Debug|Any CPU
		{5192983F-CD21-46BF-8363-A491DB30E93E}.DevProdClone|Any CPU.ActiveCfg = Debug|Any CPU
		{5192983F-CD21-46BF-8363-A491DB30E93E}.DevProdClone|Any CPU.Build.0 = Debug|Any CPU
		{5192983F-CD21-46BF-8363-A491DB30E93E}.MTDevelopment|Any CPU.ActiveCfg = Release|Any CPU
		{5192983F-CD21-46BF-8363-A491DB30E93E}.MTDevelopment|Any CPU.Build.0 = Release|Any CPU
		{5192983F-CD21-46BF-8363-A491DB30E93E}.Perf|Any CPU.ActiveCfg = Release|Any CPU
		{5192983F-CD21-46BF-8363-A491DB30E93E}.Perf|Any CPU.Build.0 = Release|Any CPU
		{5192983F-CD21-46BF-8363-A491DB30E93E}.Prod|Any CPU.ActiveCfg = Release|Any CPU
		{5192983F-CD21-46BF-8363-A491DB30E93E}.Prod|Any CPU.Build.0 = Release|Any CPU
		{5192983F-CD21-46BF-8363-A491DB30E93E}.ProdClone|Any CPU.ActiveCfg = Release|Any CPU
		{5192983F-CD21-46BF-8363-A491DB30E93E}.ProdClone|Any CPU.Build.0 = Release|Any CPU
		{5192983F-CD21-46BF-8363-A491DB30E93E}.Release|Any CPU.ActiveCfg = Release|Any CPU
		{5192983F-CD21-46BF-8363-A491DB30E93E}.Release|Any CPU.Build.0 = Release|Any CPU
		{5192983F-CD21-46BF-8363-A491DB30E93E}.Test|Any CPU.ActiveCfg = Release|Any CPU
		{5192983F-CD21-46BF-8363-A491DB30E93E}.Test|Any CPU.Build.0 = Release|Any CPU
		{5192983F-CD21-46BF-8363-A491DB30E93E}.UAT|Any CPU.ActiveCfg = Release|Any CPU
		{5192983F-CD21-46BF-8363-A491DB30E93E}.UAT|Any CPU.Build.0 = Release|Any CPU
		{8C7B6FF3-2DF8-47E9-816D-B7A661AA8180}.Debug|Any CPU.ActiveCfg = Debug|Any CPU
		{8C7B6FF3-2DF8-47E9-816D-B7A661AA8180}.Debug|Any CPU.Build.0 = Debug|Any CPU
		{8C7B6FF3-2DF8-47E9-816D-B7A661AA8180}.Dev|Any CPU.ActiveCfg = Debug|Any CPU
		{8C7B6FF3-2DF8-47E9-816D-B7A661AA8180}.Dev|Any CPU.Build.0 = Debug|Any CPU
		{8C7B6FF3-2DF8-47E9-816D-B7A661AA8180}.DevProdClone|Any CPU.ActiveCfg = Debug|Any CPU
		{8C7B6FF3-2DF8-47E9-816D-B7A661AA8180}.DevProdClone|Any CPU.Build.0 = Debug|Any CPU
		{8C7B6FF3-2DF8-47E9-816D-B7A661AA8180}.MTDevelopment|Any CPU.ActiveCfg = Debug|Any CPU
		{8C7B6FF3-2DF8-47E9-816D-B7A661AA8180}.MTDevelopment|Any CPU.Build.0 = Debug|Any CPU
		{8C7B6FF3-2DF8-47E9-816D-B7A661AA8180}.Perf|Any CPU.ActiveCfg = Debug|Any CPU
		{8C7B6FF3-2DF8-47E9-816D-B7A661AA8180}.Perf|Any CPU.Build.0 = Debug|Any CPU
		{8C7B6FF3-2DF8-47E9-816D-B7A661AA8180}.Prod|Any CPU.ActiveCfg = Debug|Any CPU
		{8C7B6FF3-2DF8-47E9-816D-B7A661AA8180}.Prod|Any CPU.Build.0 = Debug|Any CPU
		{8C7B6FF3-2DF8-47E9-816D-B7A661AA8180}.ProdClone|Any CPU.ActiveCfg = Debug|Any CPU
		{8C7B6FF3-2DF8-47E9-816D-B7A661AA8180}.ProdClone|Any CPU.Build.0 = Debug|Any CPU
		{8C7B6FF3-2DF8-47E9-816D-B7A661AA8180}.Release|Any CPU.ActiveCfg = Release|Any CPU
		{8C7B6FF3-2DF8-47E9-816D-B7A661AA8180}.Release|Any CPU.Build.0 = Release|Any CPU
		{8C7B6FF3-2DF8-47E9-816D-B7A661AA8180}.Test|Any CPU.ActiveCfg = Debug|Any CPU
		{8C7B6FF3-2DF8-47E9-816D-B7A661AA8180}.Test|Any CPU.Build.0 = Debug|Any CPU
		{8C7B6FF3-2DF8-47E9-816D-B7A661AA8180}.UAT|Any CPU.ActiveCfg = Debug|Any CPU
		{8C7B6FF3-2DF8-47E9-816D-B7A661AA8180}.UAT|Any CPU.Build.0 = Debug|Any CPU
		{CB9561C1-480F-459C-A8CE-539AA0B37370}.Debug|Any CPU.ActiveCfg = Debug|Any CPU
		{CB9561C1-480F-459C-A8CE-539AA0B37370}.Debug|Any CPU.Build.0 = Debug|Any CPU
		{CB9561C1-480F-459C-A8CE-539AA0B37370}.Dev|Any CPU.ActiveCfg = Debug|Any CPU
		{CB9561C1-480F-459C-A8CE-539AA0B37370}.Dev|Any CPU.Build.0 = Debug|Any CPU
		{CB9561C1-480F-459C-A8CE-539AA0B37370}.DevProdClone|Any CPU.ActiveCfg = Debug|Any CPU
		{CB9561C1-480F-459C-A8CE-539AA0B37370}.DevProdClone|Any CPU.Build.0 = Debug|Any CPU
		{CB9561C1-480F-459C-A8CE-539AA0B37370}.MTDevelopment|Any CPU.ActiveCfg = Debug|Any CPU
		{CB9561C1-480F-459C-A8CE-539AA0B37370}.MTDevelopment|Any CPU.Build.0 = Debug|Any CPU
		{CB9561C1-480F-459C-A8CE-539AA0B37370}.Perf|Any CPU.ActiveCfg = Debug|Any CPU
		{CB9561C1-480F-459C-A8CE-539AA0B37370}.Perf|Any CPU.Build.0 = Debug|Any CPU
		{CB9561C1-480F-459C-A8CE-539AA0B37370}.Prod|Any CPU.ActiveCfg = Debug|Any CPU
		{CB9561C1-480F-459C-A8CE-539AA0B37370}.Prod|Any CPU.Build.0 = Debug|Any CPU
		{CB9561C1-480F-459C-A8CE-539AA0B37370}.ProdClone|Any CPU.ActiveCfg = Debug|Any CPU
		{CB9561C1-480F-459C-A8CE-539AA0B37370}.ProdClone|Any CPU.Build.0 = Debug|Any CPU
		{CB9561C1-480F-459C-A8CE-539AA0B37370}.Release|Any CPU.ActiveCfg = Release|Any CPU
		{CB9561C1-480F-459C-A8CE-539AA0B37370}.Release|Any CPU.Build.0 = Release|Any CPU
		{CB9561C1-480F-459C-A8CE-539AA0B37370}.Test|Any CPU.ActiveCfg = Debug|Any CPU
		{CB9561C1-480F-459C-A8CE-539AA0B37370}.Test|Any CPU.Build.0 = Debug|Any CPU
		{CB9561C1-480F-459C-A8CE-539AA0B37370}.UAT|Any CPU.ActiveCfg = Debug|Any CPU
		{CB9561C1-480F-459C-A8CE-539AA0B37370}.UAT|Any CPU.Build.0 = Debug|Any CPU
	EndGlobalSection
	GlobalSection(SolutionProperties) = preSolution
		HideSolutionNode = FALSE
	EndGlobalSection
	GlobalSection(ExtensibilityGlobals) = postSolution
		SolutionGuid = {6056E5FC-0106-4CC3-912D-5EBC0386D369}
	EndGlobalSection
	GlobalSection(TestCaseManagementSettings) = postSolution
		CategoryFile = GenBOE.Database.vsmdi
	EndGlobalSection
EndGlobal
