
Microsoft Visual Studio Solution File, Format Version 12.00
# Visual Studio 14
VisualStudioVersion = 14.0.25420.1
MinimumVisualStudioVersion = 10.0.40219.1
Project("{F14B399A-7131-4C87-9E4B-1186C45EF12D}") = "genTracReportingServices", "genTracReportingServices\genTracReportingServices.rptproj", "{E1592CEF-4EE2-4053-A790-B1AEC36FC7C8}"
EndProject
Global
	GlobalSection(SolutionConfigurationPlatforms) = preSolution
		Debug|Default = Debug|Default
		DEV Deploy No Build|Default = DEV Deploy No Build|Default
		QAS Deploy No Build|Default = QAS Deploy No Build|Default
		Release|Default = Release|Default
	EndGlobalSection
	GlobalSection(ProjectConfigurationPlatforms) = postSolution
		{E1592CEF-4EE2-4053-A790-B1AEC36FC7C8}.Debug|Default.ActiveCfg = Debug
		{E1592CEF-4EE2-4053-A790-B1AEC36FC7C8}.Debug|Default.Build.0 = Debug
		{E1592CEF-4EE2-4053-A790-B1AEC36FC7C8}.DEV Deploy No Build|Default.ActiveCfg = DEV Deploy No Build
		{E1592CEF-4EE2-4053-A790-B1AEC36FC7C8}.DEV Deploy No Build|Default.Build.0 = DEV Deploy No Build
		{E1592CEF-4EE2-4053-A790-B1AEC36FC7C8}.DEV Deploy No Build|Default.Deploy.0 = DEV Deploy No Build
		{E1592CEF-4EE2-4053-A790-B1AEC36FC7C8}.QAS Deploy No Build|Default.ActiveCfg = QAS Deploy No Build
		{E1592CEF-4EE2-4053-A790-B1AEC36FC7C8}.QAS Deploy No Build|Default.Deploy.0 = QAS Deploy No Build
		{E1592CEF-4EE2-4053-A790-B1AEC36FC7C8}.Release|Default.ActiveCfg = Release
		{E1592CEF-4EE2-4053-A790-B1AEC36FC7C8}.Release|Default.Build.0 = Release
	EndGlobalSection
	GlobalSection(SolutionProperties) = preSolution
		HideSolutionNode = FALSE
	EndGlobalSection
	GlobalSection(TeamFoundationVersionControl) = preSolution
		SccNumberOfProjects = 2
		SccEnterpriseProvider = {4CA58AB2-18FA-4F8D-95D4-32DDF27D184C}
		SccTeamFoundationServer = https://idetfs01d.ast.lmco.com:8443/tfs/estimating
		SccLocalPath0 = .
		SccProjectUniqueName1 = genTracReportingServices\\genTracReportingServices.rptproj
		SccProjectName1 = genTracReportingServices
		SccLocalPath1 = genTracReportingServices
	EndGlobalSection
EndGlobal
