
Microsoft Visual Studio Solution File, Format Version 12.00
# Visual Studio Version 17
VisualStudioVersion = 17.6.33801.468
MinimumVisualStudioVersion = 10.0.40219.1
Project("{2150E333-8FDC-42A3-9474-1A3956D46DE8}") = "Solution Items", "Solution Items", "{6FBDA918-AD72-4941-88BC-00C4B47A464F}"
	ProjectSection(SolutionItems) = preProject
		ALL.runsettings = ALL.runsettings
		ALL.testsettings = ALL.testsettings
		AutoVersioning.ps1 = AutoVersioning.ps1
		CustomDictionary.xml = CustomDictionary.xml
		fortify-sca.properties = fortify-sca.properties
		fortify_rules_filter.txt = fortify_rules_filter.txt
		GenBOE.vsmdi = GenBOE.vsmdi
		Local.testsettings = Local.testsettings
		NODAL.runsettings = NODAL.runsettings
		NODAL.testsettings = NODAL.testsettings
		PPRDTemplate.docx = PPRDTemplate.docx
		rules.ruleset = rules.ruleset
		Settings.StyleCop = Settings.StyleCop
		sonar-project.properties = sonar-project.properties
		TraceAndTestImpact.testsettings = TraceAndTestImpact.testsettings
	EndProjectSection
EndProject
Project("{FAE04EC0-301F-11D3-BF4B-00C04F79EFBC}") = "GenBOE.Web", "GenBOE.Web\GenBOE.Web.csproj", "{AD87CC58-CFBC-4901-9AE3-418473E78590}"
EndProject
Project("{FAE04EC0-301F-11D3-BF4B-00C04F79EFBC}") = "GenBOE.Tests", "GenBOE.Tests\GenBOE.Tests.csproj", "{AA84EB3D-E855-41E8-85BD-E98DBAAB0CA0}"
EndProject
Project("{FAE04EC0-301F-11D3-BF4B-00C04F79EFBC}") = "GenBOE.Models", "GenBOE.Models\GenBOE.Models.csproj", "{5E73D211-CFD8-49AC-B164-3ECDDEA9B443}"
EndProject
Project("{FAE04EC0-301F-11D3-BF4B-00C04F79EFBC}") = "IES.Common", "IES.Common\IES.Common.csproj", "{FADFE985-0AA1-41AF-B7CB-A740673FC0D7}"
EndProject
Project("{FAE04EC0-301F-11D3-BF4B-00C04F79EFBC}") = "GenBOE.DataBridge", "GenBOE.ModelView\GenBOE.DataBridge.csproj", "{F909CD46-E2D7-4D57-B647-6D93F9DD9618}"
EndProject
Project("{FAE04EC0-301F-11D3-BF4B-00C04F79EFBC}") = "GenBOE.Tests.DAL", "GenBOE.Tests.DAL\GenBOE.Tests.DAL.csproj", "{9EDD2F08-51F2-4294-BD62-6A81676AFF03}"
EndProject
Project("{FAE04EC0-301F-11D3-BF4B-00C04F79EFBC}") = "GenBOE.ActionLogic", "GenBOE.ActionLogic\GenBOE.ActionLogic.csproj", "{8B23113C-48A0-4F65-8ED5-0F725AC170E7}"
EndProject
Project("{FAE04EC0-301F-11D3-BF4B-00C04F79EFBC}") = "RPM.Web", "RPM.Web\RPM.Web.csproj", "{73B402B5-F843-4FA4-BF3C-0F2EFFCDBF9E}"
EndProject
Project("{FAE04EC0-301F-11D3-BF4B-00C04F79EFBC}") = "RPM.DataBridge", "RPM.DataBridge\RPM.DataBridge.csproj", "{C7E9E7DA-BAFD-4394-BE4B-3E2DA3D82113}"
EndProject
Project("{FAE04EC0-301F-11D3-BF4B-00C04F79EFBC}") = "GenTRAC.ActionLogic", "GenTRAC.ActionLogic\GenTRAC.ActionLogic.csproj", "{43E225DD-557F-45EB-8317-23284A61EC79}"
EndProject
Project("{FAE04EC0-301F-11D3-BF4B-00C04F79EFBC}") = "GenTRAC.DataBridge", "GenTRAC.DataBridge\GenTRAC.DataBridge.csproj", "{6EBD0376-9273-4A2A-9E23-1912418DDBA5}"
EndProject
Project("{FAE04EC0-301F-11D3-BF4B-00C04F79EFBC}") = "GenTRAC.Models", "GenTRAC.Models\GenTRAC.Models.csproj", "{2802B2B5-80B1-4447-88D4-CAAD5FC36BA1}"
EndProject
Project("{FAE04EC0-301F-11D3-BF4B-00C04F79EFBC}") = "GenTRAC.Web", "GenTRAC.Web\GenTRAC.Web.csproj", "{F075ADB5-EDB4-45D4-BC3E-E903797A1DC3}"
EndProject
Project("{FAE04EC0-301F-11D3-BF4B-00C04F79EFBC}") = "GenTRAC.EmailScheduler", "GenTRAC.EmailScheduler\GenTRAC.EmailScheduler.csproj", "{981EC65D-F380-45C2-9EAF-6754D4A5F947}"
EndProject
Project("{FAE04EC0-301F-11D3-BF4B-00C04F79EFBC}") = "GenTRAC.Tests", "GenTRAC.Tests\GenTRAC.Tests.csproj", "{DFEDB3CA-ACC9-4BE7-9F3F-8E7AC0AB6655}"
EndProject
Project("{FAE04EC0-301F-11D3-BF4B-00C04F79EFBC}") = "GenTRAC.Tests.DAL", "GenTRAC.Tests.DAL\GenTRAC.Tests.DAL.csproj", "{A2FC2BB0-EA68-4BF5-9C90-A38AFA78579D}"
EndProject
Project("{FAE04EC0-301F-11D3-BF4B-00C04F79EFBC}") = "IES.Models", "IES.Models\IES.Models.csproj", "{971C1194-1EAD-43A4-93CA-70B74327ED44}"
EndProject
Project("{FAE04EC0-301F-11D3-BF4B-00C04F79EFBC}") = "RDM.Web", "RDM.Web\RDM.Web.csproj", "{A71358AC-E68B-493D-8288-4F3646D24165}"
EndProject
Project("{FAE04EC0-301F-11D3-BF4B-00C04F79EFBC}") = "RDM.Tests", "RDM.Tests\RDM.Tests.csproj", "{2C228AF3-D06A-490B-A44E-AC7A4040E609}"
EndProject
Project("{FAE04EC0-301F-11D3-BF4B-00C04F79EFBC}") = "IES.ActionLogic", "IES.ActionLogic\IES.ActionLogic.csproj", "{37C0F1E9-DEB8-4295-899A-C1DD92D44136}"
EndProject
Project("{FAE04EC0-301F-11D3-BF4B-00C04F79EFBC}") = "IES.DataBridge", "IES.DataLayer\IES.DataBridge.csproj", "{4CD6748E-9B1D-4768-84D9-0164CD89BB69}"
EndProject
Project("{FAE04EC0-301F-11D3-BF4B-00C04F79EFBC}") = "IES.Tests.DAL", "IES.Tests.DAL\IES.Tests.DAL.csproj", "{6A05410F-AB54-499E-BFCF-9AD0561EFBD7}"
EndProject
Project("{FAE04EC0-301F-11D3-BF4B-00C04F79EFBC}") = "RDM.ClassifiedDeployment", "RDM.ClassifiedDeployment\RDM.ClassifiedDeployment.csproj", "{E2D55A32-7D8C-474D-941C-3DD06D67E32A}"
EndProject
Project("{FAE04EC0-301F-11D3-BF4B-00C04F79EFBC}") = "CopyWorkspace", "CopyWorkspace\CopyWorkspace.csproj", "{B0518CD0-B0C3-471D-A7B9-A2A30443D14F}"
EndProject
Project("{FAE04EC0-301F-11D3-BF4B-00C04F79EFBC}") = "GenBOE.AutoBackup", "GenBOE.AutoBackup\GenBOE.AutoBackup.csproj", "{D05297D7-11CD-4EDD-94F7-E1A992C6AB3A}"
EndProject
Project("{FAE04EC0-301F-11D3-BF4B-00C04F79EFBC}") = "ADSync", "ADSync\ADSync.csproj", "{3E928598-A785-4C22-BA3F-C7EF12C45BF2}"
EndProject
Project("{FAE04EC0-301F-11D3-BF4B-00C04F79EFBC}") = "GenTrac.LoadGeeps", "GenTRAC.LoadGeeps\GenTrac.LoadGeeps.csproj", "{3D4FD01E-C2A2-44BC-A03D-5F9F18F894DD}"
EndProject
Project("{FAE04EC0-301F-11D3-BF4B-00C04F79EFBC}") = "GenBOE.DeleteWorkspaces", "GenBOE.DeleteWorkspaces\GenBOE.DeleteWorkspaces.csproj", "{1D2214CF-8672-400F-9C88-AF36C88E001D}"
EndProject
Project("{9A19103F-16F7-4668-BE54-9A1E7A4F7556}") = "IES.Models.Standard", "IES.Models.Standard\IES.Models.Standard.csproj", "{1F1478A7-4607-422B-A142-459185D56FCE}"
EndProject
Project("{9A19103F-16F7-4668-BE54-9A1E7A4F7556}") = "GenBOE.Models.Standard", "GenBOE.Models.Standard\GenBOE.Models.Standard.csproj", "{14F51573-0535-460E-8FF3-CB02E355C249}"
EndProject
Project("{9A19103F-16F7-4668-BE54-9A1E7A4F7556}") = "GenTRAC.Models.Standard", "GenTRAC.Models.Standard\GenTRAC.Models.Standard.csproj", "{6A9B8DBA-ECE1-4267-A4E4-7C276A38FC14}"
EndProject
Project("{9A19103F-16F7-4668-BE54-9A1E7A4F7556}") = "IESPortal.Backend", "IESPortal.Backend\IESPortal.Backend.csproj", "{D2B8727A-9EB1-4189-93F0-049F755696F2}"
EndProject
Project("{9A19103F-16F7-4668-BE54-9A1E7A4F7556}") = "IES.Common.Core", "IES.Common.Core\IES.Common.Core.csproj", "{489EF95A-1FAE-41EF-B137-CE5DC7E97A69}"
EndProject
Project("{9A19103F-16F7-4668-BE54-9A1E7A4F7556}") = "IES.DataBridge.Core", "IES.DataBridge.Core\IES.DataBridge.Core.csproj", "{AADBCC65-8A8E-440C-9E1E-3597F2A4BDBD}"
EndProject
Project("{9A19103F-16F7-4668-BE54-9A1E7A4F7556}") = "IES.ActionLogic.Core", "IES.ActionLogic.Core\IES.ActionLogic.Core.csproj", "{4E57AC75-B23B-449A-8FEE-C18FC3704174}"
EndProject
Project("{9A19103F-16F7-4668-BE54-9A1E7A4F7556}") = "GenTRAC.DataBridge.Core", "GenTRAC.DataBridge.Core\GenTRAC.DataBridge.Core.csproj", "{7E9FA556-CCB1-4C58-B8C2-FB315E9EB5AE}"
EndProject
Project("{9A19103F-16F7-4668-BE54-9A1E7A4F7556}") = "GenBOE.DataBridge.Core", "GenBOE.DataBridge.Core\GenBOE.DataBridge.Core.csproj", "{3C819688-AF28-4DF2-815A-77588DC2509B}"
EndProject
Project("{9A19103F-16F7-4668-BE54-9A1E7A4F7556}") = "RDSB.Backend", "RDSB.Backend\RDSB.Backend.csproj", "{7469801C-AADC-4BF4-BC32-4927E4246278}"
EndProject
Project("{9A19103F-16F7-4668-BE54-9A1E7A4F7556}") = "RDM.Backend", "RDM.Backend\RDM.Backend.csproj", "{F2748543-FDC4-40F6-BEA4-B35213A532E3}"
EndProject
Project("{9A19103F-16F7-4668-BE54-9A1E7A4F7556}") = "IES.Tests.DAL.Core", "IES.Tests.DAL.Core\IES.Tests.DAL.Core.csproj", "{CB3FC4EC-C62A-4CE9-A42E-D31E1ED8CEF6}"
EndProject
Project("{FAE04EC0-301F-11D3-BF4B-00C04F79EFBC}") = "GenBOE.Reports.Backend", "GenBOE.Reports.Backend\GenBOE.Reports.Backend.csproj", "{525F7D93-E5C7-4651-895A-2BF3F419A563}"
EndProject
Project("{FAE04EC0-301F-11D3-BF4B-00C04F79EFBC}") = "GenBOE.PLD.Models", "GenBOE.PLD.Models\GenBOE.PLD.Models.csproj", "{F2AB5FFC-459A-4BB1-9CB5-61B4C89C14A0}"
EndProject
Project("{FAE04EC0-301F-11D3-BF4B-00C04F79EFBC}") = "GenBOE.PLDStatusSync", "GenBOE.PLDStatusSync\GenBOE.PLDStatusSync.csproj", "{DC57CA58-BB39-4D7F-8BB6-000E2A9D35F7}"
EndProject
Global
	GlobalSection(SolutionConfigurationPlatforms) = preSolution
		ConsoleRelease|Any CPU = ConsoleRelease|Any CPU
		Debug|Any CPU = Debug|Any CPU
		Release|Any CPU = Release|Any CPU
		ReleaseTFS|Any CPU = ReleaseTFS|Any CPU
		ReleaseTFSCore|Any CPU = ReleaseTFSCore|Any CPU
	EndGlobalSection
	GlobalSection(ProjectConfigurationPlatforms) = postSolution
		{AD87CC58-CFBC-4901-9AE3-418473E78590}.ConsoleRelease|Any CPU.ActiveCfg = Release|Any CPU
		{AD87CC58-CFBC-4901-9AE3-418473E78590}.Debug|Any CPU.ActiveCfg = Debug|Any CPU
		{AD87CC58-CFBC-4901-9AE3-418473E78590}.Debug|Any CPU.Build.0 = Debug|Any CPU
		{AD87CC58-CFBC-4901-9AE3-418473E78590}.Release|Any CPU.ActiveCfg = Release|Any CPU
		{AD87CC58-CFBC-4901-9AE3-418473E78590}.Release|Any CPU.Build.0 = Release|Any CPU
		{AD87CC58-CFBC-4901-9AE3-418473E78590}.Release|Any CPU.Deploy.0 = Release|Any CPU
		{AD87CC58-CFBC-4901-9AE3-418473E78590}.ReleaseTFS|Any CPU.ActiveCfg = ReleaseTFS|Any CPU
		{AD87CC58-CFBC-4901-9AE3-418473E78590}.ReleaseTFS|Any CPU.Build.0 = ReleaseTFS|Any CPU
		{AD87CC58-CFBC-4901-9AE3-418473E78590}.ReleaseTFSCore|Any CPU.ActiveCfg = ReleaseTFSCore|Any CPU
		{AA84EB3D-E855-41E8-85BD-E98DBAAB0CA0}.ConsoleRelease|Any CPU.ActiveCfg = Release|Any CPU
		{AA84EB3D-E855-41E8-85BD-E98DBAAB0CA0}.Debug|Any CPU.ActiveCfg = Debug|Any CPU
		{AA84EB3D-E855-41E8-85BD-E98DBAAB0CA0}.Debug|Any CPU.Build.0 = Debug|Any CPU
		{AA84EB3D-E855-41E8-85BD-E98DBAAB0CA0}.Release|Any CPU.ActiveCfg = Release|Any CPU
		{AA84EB3D-E855-41E8-85BD-E98DBAAB0CA0}.Release|Any CPU.Build.0 = Release|Any CPU
		{AA84EB3D-E855-41E8-85BD-E98DBAAB0CA0}.ReleaseTFS|Any CPU.ActiveCfg = Release|Any CPU
		{AA84EB3D-E855-41E8-85BD-E98DBAAB0CA0}.ReleaseTFS|Any CPU.Build.0 = Release|Any CPU
		{AA84EB3D-E855-41E8-85BD-E98DBAAB0CA0}.ReleaseTFSCore|Any CPU.ActiveCfg = ReleaseTFSCore|Any CPU
		{5E73D211-CFD8-49AC-B164-3ECDDEA9B443}.ConsoleRelease|Any CPU.ActiveCfg = Release|Any CPU
		{5E73D211-CFD8-49AC-B164-3ECDDEA9B443}.ConsoleRelease|Any CPU.Build.0 = Release|Any CPU
		{5E73D211-CFD8-49AC-B164-3ECDDEA9B443}.Debug|Any CPU.ActiveCfg = Debug|Any CPU
		{5E73D211-CFD8-49AC-B164-3ECDDEA9B443}.Debug|Any CPU.Build.0 = Debug|Any CPU
		{5E73D211-CFD8-49AC-B164-3ECDDEA9B443}.Release|Any CPU.ActiveCfg = Release|Any CPU
		{5E73D211-CFD8-49AC-B164-3ECDDEA9B443}.Release|Any CPU.Build.0 = Release|Any CPU
		{5E73D211-CFD8-49AC-B164-3ECDDEA9B443}.ReleaseTFS|Any CPU.ActiveCfg = Release|Any CPU
		{5E73D211-CFD8-49AC-B164-3ECDDEA9B443}.ReleaseTFS|Any CPU.Build.0 = Release|Any CPU
		{5E73D211-CFD8-49AC-B164-3ECDDEA9B443}.ReleaseTFSCore|Any CPU.ActiveCfg = ReleaseTFSCore|Any CPU
		{FADFE985-0AA1-41AF-B7CB-A740673FC0D7}.ConsoleRelease|Any CPU.ActiveCfg = Release|Any CPU
		{FADFE985-0AA1-41AF-B7CB-A740673FC0D7}.ConsoleRelease|Any CPU.Build.0 = Release|Any CPU
		{FADFE985-0AA1-41AF-B7CB-A740673FC0D7}.Debug|Any CPU.ActiveCfg = Debug|Any CPU
		{FADFE985-0AA1-41AF-B7CB-A740673FC0D7}.Debug|Any CPU.Build.0 = Debug|Any CPU
		{FADFE985-0AA1-41AF-B7CB-A740673FC0D7}.Release|Any CPU.ActiveCfg = Release|Any CPU
		{FADFE985-0AA1-41AF-B7CB-A740673FC0D7}.Release|Any CPU.Build.0 = Release|Any CPU
		{FADFE985-0AA1-41AF-B7CB-A740673FC0D7}.ReleaseTFS|Any CPU.ActiveCfg = Release|Any CPU
		{FADFE985-0AA1-41AF-B7CB-A740673FC0D7}.ReleaseTFS|Any CPU.Build.0 = Release|Any CPU
		{FADFE985-0AA1-41AF-B7CB-A740673FC0D7}.ReleaseTFSCore|Any CPU.ActiveCfg = ReleaseTFSCore|Any CPU
		{F909CD46-E2D7-4D57-B647-6D93F9DD9618}.ConsoleRelease|Any CPU.ActiveCfg = Release|Any CPU
		{F909CD46-E2D7-4D57-B647-6D93F9DD9618}.ConsoleRelease|Any CPU.Build.0 = Release|Any CPU
		{F909CD46-E2D7-4D57-B647-6D93F9DD9618}.Debug|Any CPU.ActiveCfg = Debug|Any CPU
		{F909CD46-E2D7-4D57-B647-6D93F9DD9618}.Debug|Any CPU.Build.0 = Debug|Any CPU
		{F909CD46-E2D7-4D57-B647-6D93F9DD9618}.Release|Any CPU.ActiveCfg = Release|Any CPU
		{F909CD46-E2D7-4D57-B647-6D93F9DD9618}.Release|Any CPU.Build.0 = Release|Any CPU
		{F909CD46-E2D7-4D57-B647-6D93F9DD9618}.ReleaseTFS|Any CPU.ActiveCfg = Release|Any CPU
		{F909CD46-E2D7-4D57-B647-6D93F9DD9618}.ReleaseTFS|Any CPU.Build.0 = Release|Any CPU
		{F909CD46-E2D7-4D57-B647-6D93F9DD9618}.ReleaseTFSCore|Any CPU.ActiveCfg = ReleaseTFSCore|Any CPU
		{9EDD2F08-51F2-4294-BD62-6A81676AFF03}.ConsoleRelease|Any CPU.ActiveCfg = Release|Any CPU
		{9EDD2F08-51F2-4294-BD62-6A81676AFF03}.Debug|Any CPU.ActiveCfg = Debug|Any CPU
		{9EDD2F08-51F2-4294-BD62-6A81676AFF03}.Debug|Any CPU.Build.0 = Debug|Any CPU
		{9EDD2F08-51F2-4294-BD62-6A81676AFF03}.Release|Any CPU.ActiveCfg = Release|Any CPU
		{9EDD2F08-51F2-4294-BD62-6A81676AFF03}.Release|Any CPU.Build.0 = Release|Any CPU
		{9EDD2F08-51F2-4294-BD62-6A81676AFF03}.ReleaseTFS|Any CPU.ActiveCfg = Release|Any CPU
		{9EDD2F08-51F2-4294-BD62-6A81676AFF03}.ReleaseTFS|Any CPU.Build.0 = Release|Any CPU
		{9EDD2F08-51F2-4294-BD62-6A81676AFF03}.ReleaseTFSCore|Any CPU.ActiveCfg = ReleaseTFSCore|Any CPU
		{8B23113C-48A0-4F65-8ED5-0F725AC170E7}.ConsoleRelease|Any CPU.ActiveCfg = Release|Any CPU
		{8B23113C-48A0-4F65-8ED5-0F725AC170E7}.ConsoleRelease|Any CPU.Build.0 = Release|Any CPU
		{8B23113C-48A0-4F65-8ED5-0F725AC170E7}.Debug|Any CPU.ActiveCfg = Debug|Any CPU
		{8B23113C-48A0-4F65-8ED5-0F725AC170E7}.Debug|Any CPU.Build.0 = Debug|Any CPU
		{8B23113C-48A0-4F65-8ED5-0F725AC170E7}.Release|Any CPU.ActiveCfg = Release|Any CPU
		{8B23113C-48A0-4F65-8ED5-0F725AC170E7}.Release|Any CPU.Build.0 = Release|Any CPU
		{8B23113C-48A0-4F65-8ED5-0F725AC170E7}.ReleaseTFS|Any CPU.ActiveCfg = Release|Any CPU
		{8B23113C-48A0-4F65-8ED5-0F725AC170E7}.ReleaseTFS|Any CPU.Build.0 = Release|Any CPU
		{8B23113C-48A0-4F65-8ED5-0F725AC170E7}.ReleaseTFSCore|Any CPU.ActiveCfg = ReleaseTFSCore|Any CPU
		{73B402B5-F843-4FA4-BF3C-0F2EFFCDBF9E}.ConsoleRelease|Any CPU.ActiveCfg = Release|Any CPU
		{73B402B5-F843-4FA4-BF3C-0F2EFFCDBF9E}.Debug|Any CPU.ActiveCfg = Debug|Any CPU
		{73B402B5-F843-4FA4-BF3C-0F2EFFCDBF9E}.Debug|Any CPU.Build.0 = Debug|Any CPU
		{73B402B5-F843-4FA4-BF3C-0F2EFFCDBF9E}.Release|Any CPU.ActiveCfg = Release|Any CPU
		{73B402B5-F843-4FA4-BF3C-0F2EFFCDBF9E}.Release|Any CPU.Build.0 = Release|Any CPU
		{73B402B5-F843-4FA4-BF3C-0F2EFFCDBF9E}.ReleaseTFS|Any CPU.ActiveCfg = ReleaseTFS|Any CPU
		{73B402B5-F843-4FA4-BF3C-0F2EFFCDBF9E}.ReleaseTFS|Any CPU.Build.0 = ReleaseTFS|Any CPU
		{73B402B5-F843-4FA4-BF3C-0F2EFFCDBF9E}.ReleaseTFSCore|Any CPU.ActiveCfg = ReleaseTFSCore|Any CPU
		{C7E9E7DA-BAFD-4394-BE4B-3E2DA3D82113}.ConsoleRelease|Any CPU.ActiveCfg = Release|Any CPU
		{C7E9E7DA-BAFD-4394-BE4B-3E2DA3D82113}.ConsoleRelease|Any CPU.Build.0 = Release|Any CPU
		{C7E9E7DA-BAFD-4394-BE4B-3E2DA3D82113}.Debug|Any CPU.ActiveCfg = Debug|Any CPU
		{C7E9E7DA-BAFD-4394-BE4B-3E2DA3D82113}.Debug|Any CPU.Build.0 = Debug|Any CPU
		{C7E9E7DA-BAFD-4394-BE4B-3E2DA3D82113}.Release|Any CPU.ActiveCfg = Release|Any CPU
		{C7E9E7DA-BAFD-4394-BE4B-3E2DA3D82113}.Release|Any CPU.Build.0 = Release|Any CPU
		{C7E9E7DA-BAFD-4394-BE4B-3E2DA3D82113}.ReleaseTFS|Any CPU.ActiveCfg = Release|Any CPU
		{C7E9E7DA-BAFD-4394-BE4B-3E2DA3D82113}.ReleaseTFS|Any CPU.Build.0 = Release|Any CPU
		{C7E9E7DA-BAFD-4394-BE4B-3E2DA3D82113}.ReleaseTFSCore|Any CPU.ActiveCfg = ReleaseTFSCore|Any CPU
		{43E225DD-557F-45EB-8317-23284A61EC79}.ConsoleRelease|Any CPU.ActiveCfg = Release|Any CPU
		{43E225DD-557F-45EB-8317-23284A61EC79}.ConsoleRelease|Any CPU.Build.0 = Release|Any CPU
		{43E225DD-557F-45EB-8317-23284A61EC79}.Debug|Any CPU.ActiveCfg = Debug|Any CPU
		{43E225DD-557F-45EB-8317-23284A61EC79}.Debug|Any CPU.Build.0 = Debug|Any CPU
		{43E225DD-557F-45EB-8317-23284A61EC79}.Release|Any CPU.ActiveCfg = Release|Any CPU
		{43E225DD-557F-45EB-8317-23284A61EC79}.Release|Any CPU.Build.0 = Release|Any CPU
		{43E225DD-557F-45EB-8317-23284A61EC79}.ReleaseTFS|Any CPU.ActiveCfg = Release|Any CPU
		{43E225DD-557F-45EB-8317-23284A61EC79}.ReleaseTFS|Any CPU.Build.0 = Release|Any CPU
		{43E225DD-557F-45EB-8317-23284A61EC79}.ReleaseTFSCore|Any CPU.ActiveCfg = ReleaseTFSCore|Any CPU
		{6EBD0376-9273-4A2A-9E23-1912418DDBA5}.ConsoleRelease|Any CPU.ActiveCfg = Release|Any CPU
		{6EBD0376-9273-4A2A-9E23-1912418DDBA5}.ConsoleRelease|Any CPU.Build.0 = Release|Any CPU
		{6EBD0376-9273-4A2A-9E23-1912418DDBA5}.Debug|Any CPU.ActiveCfg = Debug|Any CPU
		{6EBD0376-9273-4A2A-9E23-1912418DDBA5}.Debug|Any CPU.Build.0 = Debug|Any CPU
		{6EBD0376-9273-4A2A-9E23-1912418DDBA5}.Release|Any CPU.ActiveCfg = Release|Any CPU
		{6EBD0376-9273-4A2A-9E23-1912418DDBA5}.Release|Any CPU.Build.0 = Release|Any CPU
		{6EBD0376-9273-4A2A-9E23-1912418DDBA5}.ReleaseTFS|Any CPU.ActiveCfg = Release|Any CPU
		{6EBD0376-9273-4A2A-9E23-1912418DDBA5}.ReleaseTFS|Any CPU.Build.0 = Release|Any CPU
		{6EBD0376-9273-4A2A-9E23-1912418DDBA5}.ReleaseTFSCore|Any CPU.ActiveCfg = ReleaseTFSCore|Any CPU
		{2802B2B5-80B1-4447-88D4-CAAD5FC36BA1}.ConsoleRelease|Any CPU.ActiveCfg = Release|Any CPU
		{2802B2B5-80B1-4447-88D4-CAAD5FC36BA1}.ConsoleRelease|Any CPU.Build.0 = Release|Any CPU
		{2802B2B5-80B1-4447-88D4-CAAD5FC36BA1}.Debug|Any CPU.ActiveCfg = Debug|Any CPU
		{2802B2B5-80B1-4447-88D4-CAAD5FC36BA1}.Debug|Any CPU.Build.0 = Debug|Any CPU
		{2802B2B5-80B1-4447-88D4-CAAD5FC36BA1}.Release|Any CPU.ActiveCfg = Release|Any CPU
		{2802B2B5-80B1-4447-88D4-CAAD5FC36BA1}.Release|Any CPU.Build.0 = Release|Any CPU
		{2802B2B5-80B1-4447-88D4-CAAD5FC36BA1}.ReleaseTFS|Any CPU.ActiveCfg = Release|Any CPU
		{2802B2B5-80B1-4447-88D4-CAAD5FC36BA1}.ReleaseTFS|Any CPU.Build.0 = Release|Any CPU
		{2802B2B5-80B1-4447-88D4-CAAD5FC36BA1}.ReleaseTFSCore|Any CPU.ActiveCfg = ReleaseTFSCore|Any CPU
		{F075ADB5-EDB4-45D4-BC3E-E903797A1DC3}.ConsoleRelease|Any CPU.ActiveCfg = Release|Any CPU
		{F075ADB5-EDB4-45D4-BC3E-E903797A1DC3}.Debug|Any CPU.ActiveCfg = Debug|Any CPU
		{F075ADB5-EDB4-45D4-BC3E-E903797A1DC3}.Debug|Any CPU.Build.0 = Debug|Any CPU
		{F075ADB5-EDB4-45D4-BC3E-E903797A1DC3}.Release|Any CPU.ActiveCfg = Release|Any CPU
		{F075ADB5-EDB4-45D4-BC3E-E903797A1DC3}.Release|Any CPU.Build.0 = Release|Any CPU
		{F075ADB5-EDB4-45D4-BC3E-E903797A1DC3}.ReleaseTFS|Any CPU.ActiveCfg = ReleaseTFS|Any CPU
		{F075ADB5-EDB4-45D4-BC3E-E903797A1DC3}.ReleaseTFS|Any CPU.Build.0 = ReleaseTFS|Any CPU
		{F075ADB5-EDB4-45D4-BC3E-E903797A1DC3}.ReleaseTFSCore|Any CPU.ActiveCfg = ReleaseTFSCore|Any CPU
		{981EC65D-F380-45C2-9EAF-6754D4A5F947}.ConsoleRelease|Any CPU.ActiveCfg = Release|Any CPU
		{981EC65D-F380-45C2-9EAF-6754D4A5F947}.ConsoleRelease|Any CPU.Build.0 = Release|Any CPU
		{981EC65D-F380-45C2-9EAF-6754D4A5F947}.Debug|Any CPU.ActiveCfg = Debug|Any CPU
		{981EC65D-F380-45C2-9EAF-6754D4A5F947}.Debug|Any CPU.Build.0 = Debug|Any CPU
		{981EC65D-F380-45C2-9EAF-6754D4A5F947}.Release|Any CPU.ActiveCfg = Release|Any CPU
		{981EC65D-F380-45C2-9EAF-6754D4A5F947}.Release|Any CPU.Build.0 = Release|Any CPU
		{981EC65D-F380-45C2-9EAF-6754D4A5F947}.ReleaseTFS|Any CPU.ActiveCfg = Release|Any CPU
		{981EC65D-F380-45C2-9EAF-6754D4A5F947}.ReleaseTFSCore|Any CPU.ActiveCfg = ReleaseTFSCore|Any CPU
		{DFEDB3CA-ACC9-4BE7-9F3F-8E7AC0AB6655}.ConsoleRelease|Any CPU.ActiveCfg = Release|Any CPU
		{DFEDB3CA-ACC9-4BE7-9F3F-8E7AC0AB6655}.Debug|Any CPU.ActiveCfg = Debug|Any CPU
		{DFEDB3CA-ACC9-4BE7-9F3F-8E7AC0AB6655}.Debug|Any CPU.Build.0 = Debug|Any CPU
		{DFEDB3CA-ACC9-4BE7-9F3F-8E7AC0AB6655}.Release|Any CPU.ActiveCfg = Release|Any CPU
		{DFEDB3CA-ACC9-4BE7-9F3F-8E7AC0AB6655}.Release|Any CPU.Build.0 = Release|Any CPU
		{DFEDB3CA-ACC9-4BE7-9F3F-8E7AC0AB6655}.ReleaseTFS|Any CPU.ActiveCfg = Release|Any CPU
		{DFEDB3CA-ACC9-4BE7-9F3F-8E7AC0AB6655}.ReleaseTFS|Any CPU.Build.0 = Release|Any CPU
		{DFEDB3CA-ACC9-4BE7-9F3F-8E7AC0AB6655}.ReleaseTFSCore|Any CPU.ActiveCfg = ReleaseTFSCore|Any CPU
		{A2FC2BB0-EA68-4BF5-9C90-A38AFA78579D}.ConsoleRelease|Any CPU.ActiveCfg = Release|Any CPU
		{A2FC2BB0-EA68-4BF5-9C90-A38AFA78579D}.Debug|Any CPU.ActiveCfg = Debug|Any CPU
		{A2FC2BB0-EA68-4BF5-9C90-A38AFA78579D}.Debug|Any CPU.Build.0 = Debug|Any CPU
		{A2FC2BB0-EA68-4BF5-9C90-A38AFA78579D}.Release|Any CPU.ActiveCfg = Release|Any CPU
		{A2FC2BB0-EA68-4BF5-9C90-A38AFA78579D}.Release|Any CPU.Build.0 = Release|Any CPU
		{A2FC2BB0-EA68-4BF5-9C90-A38AFA78579D}.ReleaseTFS|Any CPU.ActiveCfg = Release|Any CPU
		{A2FC2BB0-EA68-4BF5-9C90-A38AFA78579D}.ReleaseTFS|Any CPU.Build.0 = Release|Any CPU
		{A2FC2BB0-EA68-4BF5-9C90-A38AFA78579D}.ReleaseTFSCore|Any CPU.ActiveCfg = ReleaseTFSCore|Any CPU
		{971C1194-1EAD-43A4-93CA-70B74327ED44}.ConsoleRelease|Any CPU.ActiveCfg = Release|Any CPU
		{971C1194-1EAD-43A4-93CA-70B74327ED44}.ConsoleRelease|Any CPU.Build.0 = Release|Any CPU
		{971C1194-1EAD-43A4-93CA-70B74327ED44}.Debug|Any CPU.ActiveCfg = Debug|Any CPU
		{971C1194-1EAD-43A4-93CA-70B74327ED44}.Debug|Any CPU.Build.0 = Debug|Any CPU
		{971C1194-1EAD-43A4-93CA-70B74327ED44}.Release|Any CPU.ActiveCfg = Release|Any CPU
		{971C1194-1EAD-43A4-93CA-70B74327ED44}.Release|Any CPU.Build.0 = Release|Any CPU
		{971C1194-1EAD-43A4-93CA-70B74327ED44}.ReleaseTFS|Any CPU.ActiveCfg = Release|Any CPU
		{971C1194-1EAD-43A4-93CA-70B74327ED44}.ReleaseTFS|Any CPU.Build.0 = Release|Any CPU
		{971C1194-1EAD-43A4-93CA-70B74327ED44}.ReleaseTFSCore|Any CPU.ActiveCfg = ReleaseTFSCore|Any CPU
		{A71358AC-E68B-493D-8288-4F3646D24165}.ConsoleRelease|Any CPU.ActiveCfg = Release|Any CPU
		{A71358AC-E68B-493D-8288-4F3646D24165}.Debug|Any CPU.ActiveCfg = Debug|Any CPU
		{A71358AC-E68B-493D-8288-4F3646D24165}.Debug|Any CPU.Build.0 = Debug|Any CPU
		{A71358AC-E68B-493D-8288-4F3646D24165}.Release|Any CPU.ActiveCfg = Release|Any CPU
		{A71358AC-E68B-493D-8288-4F3646D24165}.Release|Any CPU.Build.0 = Release|Any CPU
		{A71358AC-E68B-493D-8288-4F3646D24165}.ReleaseTFS|Any CPU.ActiveCfg = ReleaseTFS|Any CPU
		{A71358AC-E68B-493D-8288-4F3646D24165}.ReleaseTFS|Any CPU.Build.0 = ReleaseTFS|Any CPU
		{A71358AC-E68B-493D-8288-4F3646D24165}.ReleaseTFSCore|Any CPU.ActiveCfg = ReleaseTFSCore|Any CPU
		{2C228AF3-D06A-490B-A44E-AC7A4040E609}.ConsoleRelease|Any CPU.ActiveCfg = Release|Any CPU
		{2C228AF3-D06A-490B-A44E-AC7A4040E609}.Debug|Any CPU.ActiveCfg = Debug|Any CPU
		{2C228AF3-D06A-490B-A44E-AC7A4040E609}.Debug|Any CPU.Build.0 = Debug|Any CPU
		{2C228AF3-D06A-490B-A44E-AC7A4040E609}.Release|Any CPU.ActiveCfg = Release|Any CPU
		{2C228AF3-D06A-490B-A44E-AC7A4040E609}.Release|Any CPU.Build.0 = Release|Any CPU
		{2C228AF3-D06A-490B-A44E-AC7A4040E609}.ReleaseTFS|Any CPU.ActiveCfg = Release|Any CPU
		{2C228AF3-D06A-490B-A44E-AC7A4040E609}.ReleaseTFS|Any CPU.Build.0 = Release|Any CPU
		{2C228AF3-D06A-490B-A44E-AC7A4040E609}.ReleaseTFSCore|Any CPU.ActiveCfg = ReleaseTFSCore|Any CPU
		{37C0F1E9-DEB8-4295-899A-C1DD92D44136}.ConsoleRelease|Any CPU.ActiveCfg = Release|Any CPU
		{37C0F1E9-DEB8-4295-899A-C1DD92D44136}.ConsoleRelease|Any CPU.Build.0 = Release|Any CPU
		{37C0F1E9-DEB8-4295-899A-C1DD92D44136}.Debug|Any CPU.ActiveCfg = Debug|Any CPU
		{37C0F1E9-DEB8-4295-899A-C1DD92D44136}.Debug|Any CPU.Build.0 = Debug|Any CPU
		{37C0F1E9-DEB8-4295-899A-C1DD92D44136}.Release|Any CPU.ActiveCfg = Release|Any CPU
		{37C0F1E9-DEB8-4295-899A-C1DD92D44136}.Release|Any CPU.Build.0 = Release|Any CPU
		{37C0F1E9-DEB8-4295-899A-C1DD92D44136}.ReleaseTFS|Any CPU.ActiveCfg = Release|Any CPU
		{37C0F1E9-DEB8-4295-899A-C1DD92D44136}.ReleaseTFS|Any CPU.Build.0 = Release|Any CPU
		{37C0F1E9-DEB8-4295-899A-C1DD92D44136}.ReleaseTFSCore|Any CPU.ActiveCfg = ReleaseTFSCore|Any CPU
		{4CD6748E-9B1D-4768-84D9-0164CD89BB69}.ConsoleRelease|Any CPU.ActiveCfg = Release|Any CPU
		{4CD6748E-9B1D-4768-84D9-0164CD89BB69}.ConsoleRelease|Any CPU.Build.0 = Release|Any CPU
		{4CD6748E-9B1D-4768-84D9-0164CD89BB69}.Debug|Any CPU.ActiveCfg = Debug|Any CPU
		{4CD6748E-9B1D-4768-84D9-0164CD89BB69}.Debug|Any CPU.Build.0 = Debug|Any CPU
		{4CD6748E-9B1D-4768-84D9-0164CD89BB69}.Release|Any CPU.ActiveCfg = Release|Any CPU
		{4CD6748E-9B1D-4768-84D9-0164CD89BB69}.Release|Any CPU.Build.0 = Release|Any CPU
		{4CD6748E-9B1D-4768-84D9-0164CD89BB69}.ReleaseTFS|Any CPU.ActiveCfg = Release|Any CPU
		{4CD6748E-9B1D-4768-84D9-0164CD89BB69}.ReleaseTFS|Any CPU.Build.0 = Release|Any CPU
		{4CD6748E-9B1D-4768-84D9-0164CD89BB69}.ReleaseTFSCore|Any CPU.ActiveCfg = ReleaseTFSCore|Any CPU
		{6A05410F-AB54-499E-BFCF-9AD0561EFBD7}.ConsoleRelease|Any CPU.ActiveCfg = Release|Any CPU
		{6A05410F-AB54-499E-BFCF-9AD0561EFBD7}.Debug|Any CPU.ActiveCfg = Debug|Any CPU
		{6A05410F-AB54-499E-BFCF-9AD0561EFBD7}.Debug|Any CPU.Build.0 = Debug|Any CPU
		{6A05410F-AB54-499E-BFCF-9AD0561EFBD7}.Release|Any CPU.ActiveCfg = Release|Any CPU
		{6A05410F-AB54-499E-BFCF-9AD0561EFBD7}.Release|Any CPU.Build.0 = Release|Any CPU
		{6A05410F-AB54-499E-BFCF-9AD0561EFBD7}.ReleaseTFS|Any CPU.ActiveCfg = Release|Any CPU
		{6A05410F-AB54-499E-BFCF-9AD0561EFBD7}.ReleaseTFS|Any CPU.Build.0 = Release|Any CPU
		{6A05410F-AB54-499E-BFCF-9AD0561EFBD7}.ReleaseTFSCore|Any CPU.ActiveCfg = ReleaseTFSCore|Any CPU
		{E2D55A32-7D8C-474D-941C-3DD06D67E32A}.ConsoleRelease|Any CPU.ActiveCfg = Release|Any CPU
		{E2D55A32-7D8C-474D-941C-3DD06D67E32A}.ConsoleRelease|Any CPU.Build.0 = Release|Any CPU
		{E2D55A32-7D8C-474D-941C-3DD06D67E32A}.Debug|Any CPU.ActiveCfg = Debug|Any CPU
		{E2D55A32-7D8C-474D-941C-3DD06D67E32A}.Debug|Any CPU.Build.0 = Debug|Any CPU
		{E2D55A32-7D8C-474D-941C-3DD06D67E32A}.Release|Any CPU.ActiveCfg = Release|Any CPU
		{E2D55A32-7D8C-474D-941C-3DD06D67E32A}.Release|Any CPU.Build.0 = Release|Any CPU
		{E2D55A32-7D8C-474D-941C-3DD06D67E32A}.ReleaseTFS|Any CPU.ActiveCfg = Release|Any CPU
		{E2D55A32-7D8C-474D-941C-3DD06D67E32A}.ReleaseTFSCore|Any CPU.ActiveCfg = ReleaseTFSCore|Any CPU
		{B0518CD0-B0C3-471D-A7B9-A2A30443D14F}.ConsoleRelease|Any CPU.ActiveCfg = Release|Any CPU
		{B0518CD0-B0C3-471D-A7B9-A2A30443D14F}.Debug|Any CPU.ActiveCfg = Debug|Any CPU
		{B0518CD0-B0C3-471D-A7B9-A2A30443D14F}.Debug|Any CPU.Build.0 = Debug|Any CPU
		{B0518CD0-B0C3-471D-A7B9-A2A30443D14F}.Release|Any CPU.ActiveCfg = Release|Any CPU
		{B0518CD0-B0C3-471D-A7B9-A2A30443D14F}.Release|Any CPU.Build.0 = Release|Any CPU
		{B0518CD0-B0C3-471D-A7B9-A2A30443D14F}.ReleaseTFS|Any CPU.ActiveCfg = Release|Any CPU
		{B0518CD0-B0C3-471D-A7B9-A2A30443D14F}.ReleaseTFSCore|Any CPU.ActiveCfg = ReleaseTFSCore|Any CPU
		{D05297D7-11CD-4EDD-94F7-E1A992C6AB3A}.ConsoleRelease|Any CPU.ActiveCfg = Release|Any CPU
		{D05297D7-11CD-4EDD-94F7-E1A992C6AB3A}.ConsoleRelease|Any CPU.Build.0 = Release|Any CPU
		{D05297D7-11CD-4EDD-94F7-E1A992C6AB3A}.Debug|Any CPU.ActiveCfg = Debug|Any CPU
		{D05297D7-11CD-4EDD-94F7-E1A992C6AB3A}.Debug|Any CPU.Build.0 = Debug|Any CPU
		{D05297D7-11CD-4EDD-94F7-E1A992C6AB3A}.Release|Any CPU.ActiveCfg = Release|Any CPU
		{D05297D7-11CD-4EDD-94F7-E1A992C6AB3A}.Release|Any CPU.Build.0 = Release|Any CPU
		{D05297D7-11CD-4EDD-94F7-E1A992C6AB3A}.ReleaseTFS|Any CPU.ActiveCfg = Release|Any CPU
		{D05297D7-11CD-4EDD-94F7-E1A992C6AB3A}.ReleaseTFSCore|Any CPU.ActiveCfg = ReleaseTFSCore|Any CPU
		{3E928598-A785-4C22-BA3F-C7EF12C45BF2}.ConsoleRelease|Any CPU.ActiveCfg = Release|Any CPU
		{3E928598-A785-4C22-BA3F-C7EF12C45BF2}.ConsoleRelease|Any CPU.Build.0 = Release|Any CPU
		{3E928598-A785-4C22-BA3F-C7EF12C45BF2}.Debug|Any CPU.ActiveCfg = Debug|Any CPU
		{3E928598-A785-4C22-BA3F-C7EF12C45BF2}.Debug|Any CPU.Build.0 = Debug|Any CPU
		{3E928598-A785-4C22-BA3F-C7EF12C45BF2}.Release|Any CPU.ActiveCfg = Release|Any CPU
		{3E928598-A785-4C22-BA3F-C7EF12C45BF2}.Release|Any CPU.Build.0 = Release|Any CPU
		{3E928598-A785-4C22-BA3F-C7EF12C45BF2}.ReleaseTFS|Any CPU.ActiveCfg = Release|Any CPU
		{3E928598-A785-4C22-BA3F-C7EF12C45BF2}.ReleaseTFSCore|Any CPU.ActiveCfg = ReleaseTFSCore|Any CPU
		{3D4FD01E-C2A2-44BC-A03D-5F9F18F894DD}.ConsoleRelease|Any CPU.ActiveCfg = Release|Any CPU
		{3D4FD01E-C2A2-44BC-A03D-5F9F18F894DD}.ConsoleRelease|Any CPU.Build.0 = Release|Any CPU
		{3D4FD01E-C2A2-44BC-A03D-5F9F18F894DD}.Debug|Any CPU.ActiveCfg = Debug|Any CPU
		{3D4FD01E-C2A2-44BC-A03D-5F9F18F894DD}.Debug|Any CPU.Build.0 = Debug|Any CPU
		{3D4FD01E-C2A2-44BC-A03D-5F9F18F894DD}.Release|Any CPU.ActiveCfg = Release|Any CPU
		{3D4FD01E-C2A2-44BC-A03D-5F9F18F894DD}.Release|Any CPU.Build.0 = Release|Any CPU
		{3D4FD01E-C2A2-44BC-A03D-5F9F18F894DD}.ReleaseTFS|Any CPU.ActiveCfg = Release|Any CPU
		{3D4FD01E-C2A2-44BC-A03D-5F9F18F894DD}.ReleaseTFSCore|Any CPU.ActiveCfg = ReleaseTFSCore|Any CPU
		{1D2214CF-8672-400F-9C88-AF36C88E001D}.ConsoleRelease|Any CPU.ActiveCfg = Release|Any CPU
		{1D2214CF-8672-400F-9C88-AF36C88E001D}.ConsoleRelease|Any CPU.Build.0 = Release|Any CPU
		{1D2214CF-8672-400F-9C88-AF36C88E001D}.Debug|Any CPU.ActiveCfg = Debug|Any CPU
		{1D2214CF-8672-400F-9C88-AF36C88E001D}.Debug|Any CPU.Build.0 = Debug|Any CPU
		{1D2214CF-8672-400F-9C88-AF36C88E001D}.Release|Any CPU.ActiveCfg = Release|Any CPU
		{1D2214CF-8672-400F-9C88-AF36C88E001D}.Release|Any CPU.Build.0 = Release|Any CPU
		{1D2214CF-8672-400F-9C88-AF36C88E001D}.ReleaseTFS|Any CPU.ActiveCfg = Release|Any CPU
		{1D2214CF-8672-400F-9C88-AF36C88E001D}.ReleaseTFS|Any CPU.Build.0 = Release|Any CPU
		{1D2214CF-8672-400F-9C88-AF36C88E001D}.ReleaseTFSCore|Any CPU.ActiveCfg = ReleaseTFSCore|Any CPU
		{1F1478A7-4607-422B-A142-459185D56FCE}.ConsoleRelease|Any CPU.ActiveCfg = Release|Any CPU
		{1F1478A7-4607-422B-A142-459185D56FCE}.Debug|Any CPU.ActiveCfg = Debug|Any CPU
		{1F1478A7-4607-422B-A142-459185D56FCE}.Debug|Any CPU.Build.0 = Debug|Any CPU
		{1F1478A7-4607-422B-A142-459185D56FCE}.Release|Any CPU.ActiveCfg = Release|Any CPU
		{1F1478A7-4607-422B-A142-459185D56FCE}.Release|Any CPU.Build.0 = Release|Any CPU
		{1F1478A7-4607-422B-A142-459185D56FCE}.ReleaseTFS|Any CPU.ActiveCfg = Release|Any CPU
		{1F1478A7-4607-422B-A142-459185D56FCE}.ReleaseTFSCore|Any CPU.ActiveCfg = ReleaseTFSCore|Any CPU
		{1F1478A7-4607-422B-A142-459185D56FCE}.ReleaseTFSCore|Any CPU.Build.0 = ReleaseTFSCore|Any CPU
		{14F51573-0535-460E-8FF3-CB02E355C249}.ConsoleRelease|Any CPU.ActiveCfg = Release|Any CPU
		{14F51573-0535-460E-8FF3-CB02E355C249}.Debug|Any CPU.ActiveCfg = Debug|Any CPU
		{14F51573-0535-460E-8FF3-CB02E355C249}.Debug|Any CPU.Build.0 = Debug|Any CPU
		{14F51573-0535-460E-8FF3-CB02E355C249}.Release|Any CPU.ActiveCfg = Release|Any CPU
		{14F51573-0535-460E-8FF3-CB02E355C249}.Release|Any CPU.Build.0 = Release|Any CPU
		{14F51573-0535-460E-8FF3-CB02E355C249}.ReleaseTFS|Any CPU.ActiveCfg = Release|Any CPU
		{14F51573-0535-460E-8FF3-CB02E355C249}.ReleaseTFSCore|Any CPU.ActiveCfg = ReleaseTFSCore|Any CPU
		{14F51573-0535-460E-8FF3-CB02E355C249}.ReleaseTFSCore|Any CPU.Build.0 = ReleaseTFSCore|Any CPU
		{6A9B8DBA-ECE1-4267-A4E4-7C276A38FC14}.ConsoleRelease|Any CPU.ActiveCfg = Release|Any CPU
		{6A9B8DBA-ECE1-4267-A4E4-7C276A38FC14}.Debug|Any CPU.ActiveCfg = Debug|Any CPU
		{6A9B8DBA-ECE1-4267-A4E4-7C276A38FC14}.Debug|Any CPU.Build.0 = Debug|Any CPU
		{6A9B8DBA-ECE1-4267-A4E4-7C276A38FC14}.Release|Any CPU.ActiveCfg = Release|Any CPU
		{6A9B8DBA-ECE1-4267-A4E4-7C276A38FC14}.Release|Any CPU.Build.0 = Release|Any CPU
		{6A9B8DBA-ECE1-4267-A4E4-7C276A38FC14}.ReleaseTFS|Any CPU.ActiveCfg = Release|Any CPU
		{6A9B8DBA-ECE1-4267-A4E4-7C276A38FC14}.ReleaseTFSCore|Any CPU.ActiveCfg = ReleaseTFSCore|Any CPU
		{6A9B8DBA-ECE1-4267-A4E4-7C276A38FC14}.ReleaseTFSCore|Any CPU.Build.0 = ReleaseTFSCore|Any CPU
		{D2B8727A-9EB1-4189-93F0-049F755696F2}.ConsoleRelease|Any CPU.ActiveCfg = Release|Any CPU
		{D2B8727A-9EB1-4189-93F0-049F755696F2}.Debug|Any CPU.ActiveCfg = Debug|Any CPU
		{D2B8727A-9EB1-4189-93F0-049F755696F2}.Debug|Any CPU.Build.0 = Debug|Any CPU
		{D2B8727A-9EB1-4189-93F0-049F755696F2}.Release|Any CPU.ActiveCfg = Release|Any CPU
		{D2B8727A-9EB1-4189-93F0-049F755696F2}.Release|Any CPU.Build.0 = Release|Any CPU
		{D2B8727A-9EB1-4189-93F0-049F755696F2}.ReleaseTFS|Any CPU.ActiveCfg = Release|Any CPU
		{D2B8727A-9EB1-4189-93F0-049F755696F2}.ReleaseTFSCore|Any CPU.ActiveCfg = ReleaseTFSCore|Any CPU
		{D2B8727A-9EB1-4189-93F0-049F755696F2}.ReleaseTFSCore|Any CPU.Build.0 = ReleaseTFSCore|Any CPU
		{489EF95A-1FAE-41EF-B137-CE5DC7E97A69}.ConsoleRelease|Any CPU.ActiveCfg = Release|Any CPU
		{489EF95A-1FAE-41EF-B137-CE5DC7E97A69}.Debug|Any CPU.ActiveCfg = Debug|Any CPU
		{489EF95A-1FAE-41EF-B137-CE5DC7E97A69}.Debug|Any CPU.Build.0 = Debug|Any CPU
		{489EF95A-1FAE-41EF-B137-CE5DC7E97A69}.Release|Any CPU.ActiveCfg = Release|Any CPU
		{489EF95A-1FAE-41EF-B137-CE5DC7E97A69}.Release|Any CPU.Build.0 = Release|Any CPU
		{489EF95A-1FAE-41EF-B137-CE5DC7E97A69}.ReleaseTFS|Any CPU.ActiveCfg = Release|Any CPU
		{489EF95A-1FAE-41EF-B137-CE5DC7E97A69}.ReleaseTFSCore|Any CPU.ActiveCfg = ReleaseTFSCore|Any CPU
		{489EF95A-1FAE-41EF-B137-CE5DC7E97A69}.ReleaseTFSCore|Any CPU.Build.0 = ReleaseTFSCore|Any CPU
		{AADBCC65-8A8E-440C-9E1E-3597F2A4BDBD}.ConsoleRelease|Any CPU.ActiveCfg = Release|Any CPU
		{AADBCC65-8A8E-440C-9E1E-3597F2A4BDBD}.Debug|Any CPU.ActiveCfg = Debug|Any CPU
		{AADBCC65-8A8E-440C-9E1E-3597F2A4BDBD}.Debug|Any CPU.Build.0 = Debug|Any CPU
		{AADBCC65-8A8E-440C-9E1E-3597F2A4BDBD}.Release|Any CPU.ActiveCfg = Release|Any CPU
		{AADBCC65-8A8E-440C-9E1E-3597F2A4BDBD}.Release|Any CPU.Build.0 = Release|Any CPU
		{AADBCC65-8A8E-440C-9E1E-3597F2A4BDBD}.ReleaseTFS|Any CPU.ActiveCfg = Release|Any CPU
		{AADBCC65-8A8E-440C-9E1E-3597F2A4BDBD}.ReleaseTFSCore|Any CPU.ActiveCfg = ReleaseTFSCore|Any CPU
		{AADBCC65-8A8E-440C-9E1E-3597F2A4BDBD}.ReleaseTFSCore|Any CPU.Build.0 = ReleaseTFSCore|Any CPU
		{4E57AC75-B23B-449A-8FEE-C18FC3704174}.ConsoleRelease|Any CPU.ActiveCfg = Release|Any CPU
		{4E57AC75-B23B-449A-8FEE-C18FC3704174}.Debug|Any CPU.ActiveCfg = Debug|Any CPU
		{4E57AC75-B23B-449A-8FEE-C18FC3704174}.Debug|Any CPU.Build.0 = Debug|Any CPU
		{4E57AC75-B23B-449A-8FEE-C18FC3704174}.Release|Any CPU.ActiveCfg = Release|Any CPU
		{4E57AC75-B23B-449A-8FEE-C18FC3704174}.Release|Any CPU.Build.0 = Release|Any CPU
		{4E57AC75-B23B-449A-8FEE-C18FC3704174}.ReleaseTFS|Any CPU.ActiveCfg = Release|Any CPU
		{4E57AC75-B23B-449A-8FEE-C18FC3704174}.ReleaseTFSCore|Any CPU.ActiveCfg = ReleaseTFSCore|Any CPU
		{4E57AC75-B23B-449A-8FEE-C18FC3704174}.ReleaseTFSCore|Any CPU.Build.0 = ReleaseTFSCore|Any CPU
		{7E9FA556-CCB1-4C58-B8C2-FB315E9EB5AE}.ConsoleRelease|Any CPU.ActiveCfg = Release|Any CPU
		{7E9FA556-CCB1-4C58-B8C2-FB315E9EB5AE}.Debug|Any CPU.ActiveCfg = Debug|Any CPU
		{7E9FA556-CCB1-4C58-B8C2-FB315E9EB5AE}.Debug|Any CPU.Build.0 = Debug|Any CPU
		{7E9FA556-CCB1-4C58-B8C2-FB315E9EB5AE}.Release|Any CPU.ActiveCfg = Release|Any CPU
		{7E9FA556-CCB1-4C58-B8C2-FB315E9EB5AE}.Release|Any CPU.Build.0 = Release|Any CPU
		{7E9FA556-CCB1-4C58-B8C2-FB315E9EB5AE}.ReleaseTFS|Any CPU.ActiveCfg = Release|Any CPU
		{7E9FA556-CCB1-4C58-B8C2-FB315E9EB5AE}.ReleaseTFSCore|Any CPU.ActiveCfg = ReleaseTFSCore|Any CPU
		{7E9FA556-CCB1-4C58-B8C2-FB315E9EB5AE}.ReleaseTFSCore|Any CPU.Build.0 = ReleaseTFSCore|Any CPU
		{3C819688-AF28-4DF2-815A-77588DC2509B}.ConsoleRelease|Any CPU.ActiveCfg = Release|Any CPU
		{3C819688-AF28-4DF2-815A-77588DC2509B}.Debug|Any CPU.ActiveCfg = Debug|Any CPU
		{3C819688-AF28-4DF2-815A-77588DC2509B}.Debug|Any CPU.Build.0 = Debug|Any CPU
		{3C819688-AF28-4DF2-815A-77588DC2509B}.Release|Any CPU.ActiveCfg = Release|Any CPU
		{3C819688-AF28-4DF2-815A-77588DC2509B}.Release|Any CPU.Build.0 = Release|Any CPU
		{3C819688-AF28-4DF2-815A-77588DC2509B}.ReleaseTFS|Any CPU.ActiveCfg = Release|Any CPU
		{3C819688-AF28-4DF2-815A-77588DC2509B}.ReleaseTFSCore|Any CPU.ActiveCfg = ReleaseTFSCore|Any CPU
		{3C819688-AF28-4DF2-815A-77588DC2509B}.ReleaseTFSCore|Any CPU.Build.0 = ReleaseTFSCore|Any CPU
		{7469801C-AADC-4BF4-BC32-4927E4246278}.ConsoleRelease|Any CPU.ActiveCfg = Release|Any CPU
		{7469801C-AADC-4BF4-BC32-4927E4246278}.Debug|Any CPU.ActiveCfg = Debug|Any CPU
		{7469801C-AADC-4BF4-BC32-4927E4246278}.Debug|Any CPU.Build.0 = Debug|Any CPU
		{7469801C-AADC-4BF4-BC32-4927E4246278}.Release|Any CPU.ActiveCfg = Release|Any CPU
		{7469801C-AADC-4BF4-BC32-4927E4246278}.Release|Any CPU.Build.0 = Release|Any CPU
		{7469801C-AADC-4BF4-BC32-4927E4246278}.ReleaseTFS|Any CPU.ActiveCfg = Release|Any CPU
		{7469801C-AADC-4BF4-BC32-4927E4246278}.ReleaseTFSCore|Any CPU.ActiveCfg = Release|Any CPU
		{7469801C-AADC-4BF4-BC32-4927E4246278}.ReleaseTFSCore|Any CPU.Build.0 = Release|Any CPU
		{F2748543-FDC4-40F6-BEA4-B35213A532E3}.ConsoleRelease|Any CPU.ActiveCfg = Release|Any CPU
		{F2748543-FDC4-40F6-BEA4-B35213A532E3}.Debug|Any CPU.ActiveCfg = Debug|Any CPU
		{F2748543-FDC4-40F6-BEA4-B35213A532E3}.Debug|Any CPU.Build.0 = Debug|Any CPU
		{F2748543-FDC4-40F6-BEA4-B35213A532E3}.Release|Any CPU.ActiveCfg = Release|Any CPU
		{F2748543-FDC4-40F6-BEA4-B35213A532E3}.Release|Any CPU.Build.0 = Release|Any CPU
		{F2748543-FDC4-40F6-BEA4-B35213A532E3}.ReleaseTFS|Any CPU.ActiveCfg = Release|Any CPU
		{F2748543-FDC4-40F6-BEA4-B35213A532E3}.ReleaseTFSCore|Any CPU.ActiveCfg = Release|Any CPU
		{F2748543-FDC4-40F6-BEA4-B35213A532E3}.ReleaseTFSCore|Any CPU.Build.0 = Release|Any CPU
		{CB3FC4EC-C62A-4CE9-A42E-D31E1ED8CEF6}.ConsoleRelease|Any CPU.ActiveCfg = Release|Any CPU
		{CB3FC4EC-C62A-4CE9-A42E-D31E1ED8CEF6}.Debug|Any CPU.ActiveCfg = Debug|Any CPU
		{CB3FC4EC-C62A-4CE9-A42E-D31E1ED8CEF6}.Debug|Any CPU.Build.0 = Debug|Any CPU
		{CB3FC4EC-C62A-4CE9-A42E-D31E1ED8CEF6}.Release|Any CPU.ActiveCfg = Release|Any CPU
		{CB3FC4EC-C62A-4CE9-A42E-D31E1ED8CEF6}.Release|Any CPU.Build.0 = Release|Any CPU
		{CB3FC4EC-C62A-4CE9-A42E-D31E1ED8CEF6}.ReleaseTFS|Any CPU.ActiveCfg = Release|Any CPU
		{CB3FC4EC-C62A-4CE9-A42E-D31E1ED8CEF6}.ReleaseTFSCore|Any CPU.ActiveCfg = Release|Any CPU
		{CB3FC4EC-C62A-4CE9-A42E-D31E1ED8CEF6}.ReleaseTFSCore|Any CPU.Build.0 = Release|Any CPU
		{525F7D93-E5C7-4651-895A-2BF3F419A563}.ConsoleRelease|Any CPU.ActiveCfg = Release|Any CPU
		{525F7D93-E5C7-4651-895A-2BF3F419A563}.Debug|Any CPU.ActiveCfg = Debug|Any CPU
		{525F7D93-E5C7-4651-895A-2BF3F419A563}.Debug|Any CPU.Build.0 = Debug|Any CPU
		{525F7D93-E5C7-4651-895A-2BF3F419A563}.Release|Any CPU.ActiveCfg = Release|Any CPU
		{525F7D93-E5C7-4651-895A-2BF3F419A563}.Release|Any CPU.Build.0 = Release|Any CPU
		{525F7D93-E5C7-4651-895A-2BF3F419A563}.ReleaseTFS|Any CPU.ActiveCfg = Release|Any CPU
		{525F7D93-E5C7-4651-895A-2BF3F419A563}.ReleaseTFSCore|Any CPU.ActiveCfg = Release|Any CPU
		{525F7D93-E5C7-4651-895A-2BF3F419A563}.ReleaseTFSCore|Any CPU.Build.0 = Release|Any CPU
		{F2AB5FFC-459A-4BB1-9CB5-61B4C89C14A0}.ConsoleRelease|Any CPU.ActiveCfg = Release|Any CPU
		{F2AB5FFC-459A-4BB1-9CB5-61B4C89C14A0}.ConsoleRelease|Any CPU.Build.0 = Release|Any CPU
		{F2AB5FFC-459A-4BB1-9CB5-61B4C89C14A0}.Debug|Any CPU.ActiveCfg = Debug|Any CPU
		{F2AB5FFC-459A-4BB1-9CB5-61B4C89C14A0}.Debug|Any CPU.Build.0 = Debug|Any CPU
		{F2AB5FFC-459A-4BB1-9CB5-61B4C89C14A0}.Release|Any CPU.ActiveCfg = Release|Any CPU
		{F2AB5FFC-459A-4BB1-9CB5-61B4C89C14A0}.Release|Any CPU.Build.0 = Release|Any CPU
		{F2AB5FFC-459A-4BB1-9CB5-61B4C89C14A0}.ReleaseTFS|Any CPU.ActiveCfg = Release|Any CPU
		{F2AB5FFC-459A-4BB1-9CB5-61B4C89C14A0}.ReleaseTFS|Any CPU.Build.0 = Release|Any CPU
		{F2AB5FFC-459A-4BB1-9CB5-61B4C89C14A0}.ReleaseTFSCore|Any CPU.ActiveCfg = Release|Any CPU
		{DC57CA58-BB39-4D7F-8BB6-000E2A9D35F7}.ConsoleRelease|Any CPU.ActiveCfg = Release|Any CPU
		{DC57CA58-BB39-4D7F-8BB6-000E2A9D35F7}.ConsoleRelease|Any CPU.Build.0 = Release|Any CPU
		{DC57CA58-BB39-4D7F-8BB6-000E2A9D35F7}.Debug|Any CPU.ActiveCfg = Debug|Any CPU
		{DC57CA58-BB39-4D7F-8BB6-000E2A9D35F7}.Debug|Any CPU.Build.0 = Debug|Any CPU
		{DC57CA58-BB39-4D7F-8BB6-000E2A9D35F7}.Release|Any CPU.ActiveCfg = Release|Any CPU
		{DC57CA58-BB39-4D7F-8BB6-000E2A9D35F7}.Release|Any CPU.Build.0 = Release|Any CPU
		{DC57CA58-BB39-4D7F-8BB6-000E2A9D35F7}.ReleaseTFS|Any CPU.ActiveCfg = Release|Any CPU
		{DC57CA58-BB39-4D7F-8BB6-000E2A9D35F7}.ReleaseTFS|Any CPU.Build.0 = Release|Any CPU
		{DC57CA58-BB39-4D7F-8BB6-000E2A9D35F7}.ReleaseTFSCore|Any CPU.ActiveCfg = Release|Any CPU
		{DC57CA58-BB39-4D7F-8BB6-000E2A9D35F7}.ReleaseTFSCore|Any CPU.Build.0 = Release|Any CPU
	EndGlobalSection
	GlobalSection(SolutionProperties) = preSolution
		HideSolutionNode = FALSE
	EndGlobalSection
	GlobalSection(ExtensibilityGlobals) = postSolution
		SolutionGuid = {C8FCAD4C-B7CF-485A-AEF1-7B24B73C9D01}
	EndGlobalSection
EndGlobal
